
Microsoft Visual Studio Solution File, Format Version 12.00
# Visual Studio Version 17
VisualStudioVersion = 17.7.34018.315
MinimumVisualStudioVersion = 10.0.40219.1
Project("{FAE04EC0-301F-11D3-BF4B-00C04F79EFBC}") = "RabbitMQProducer", "RabbitMQProducer\RabbitMQProducer.csproj", "{A8149A09-6FC5-4643-A6A1-A3F28A156AAB}"
EndProject
Global
	GlobalSection(SolutionConfigurationPlatforms) = preSolution
		Debug|Any CPU = Debug|Any CPU
		Release|Any CPU = Release|Any CPU
	EndGlobalSection
	GlobalSection(ProjectConfigurationPlatforms) = postSolution
		{A8149A09-6FC5-4643-A6A1-A3F28A156AAB}.Debug|Any CPU.ActiveCfg = Debug|Any CPU
		{A8149A09-6FC5-4643-A6A1-A3F28A156AAB}.Debug|Any CPU.Build.0 = Debug|Any CPU
		{A8149A09-6FC5-4643-A6A1-A3F28A156AAB}.Release|Any CPU.ActiveCfg = Release|Any CPU
		{A8149A09-6FC5-4643-A6A1-A3F28A156AAB}.Release|Any CPU.Build.0 = Release|Any CPU
	EndGlobalSection
	GlobalSection(SolutionProperties) = preSolution
		HideSolutionNode = FALSE
	EndGlobalSection
	GlobalSection(ExtensibilityGlobals) = postSolution
		SolutionGuid = {061A904A-841C-4EE6-B481-E0634D012FBA}
	EndGlobalSection
EndGlobal
